{
  "object": {
    "pins": [
      {
        "package": "stream-reader",
        "repositoryURL": "https://github.com/Frizlab/stream-reader.git",
        "state": {
          "branch": null,
          "revision": "bae1bfb2fc2cdc6f89c3f6e89ef92d22039ef7b5",
          "version": "3.5.0"
        }
      }
    ]
  },
  "version": 1
}
